<Solution>
  <Project Path="Constant Fields/Constant Fields.csproj" />
  <Project Path="HelloWorld/HelloWorld.csproj" />
  <Project Path="if-statements/if-statements.csproj" Id="9867a4cd-ffb2-41cf-acdc-e3cb8c6b6a22" />
  <Project Path="Practice/Practice.csproj" />
  <Project Path="Variables&amp;DataTypes/Variables&amp;DataTypes.csproj" />
  <Project Path="Variables&amp;DataTypes2/Variables&amp;DataTypes2.csproj" />
</Solution>
